dependencies:
- name: memcached
  repository: oci://registry-1.docker.io/cloudpirates
  version: 0.10.1
- name: redis
  repository: oci://registry-1.docker.io/cloudpirates
  version: 0.25.8
- name: valkey
  repository: oci://registry-1.docker.io/cloudpirates
  version: 0.17.0
- name: mariadb
  repository: oci://registry-1.docker.io/cloudpirates
  version: 0.14.3
digest: sha256:7f7ef0d7b7f5620e14d420932f2b27ef200120b96cba1881b2da5958f4f24263
generated: "2026-03-06T08:49:37.429543401Z"
