dependencies:
- name: memcached
  repository: oci://registry-1.docker.io/cloudpirates
  version: 0.14.9
- name: redis
  repository: oci://registry-1.docker.io/cloudpirates
  version: 0.34.31
- name: valkey
  repository: oci://registry-1.docker.io/cloudpirates
  version: 0.25.9
- name: mariadb
  repository: oci://registry-1.docker.io/cloudpirates
  version: 0.16.13
digest: sha256:1d56cebd72b99b217cb865f8f498c0baa830ca943e00c59b7a9398d65eef8cf4
generated: "2026-09-08T11:01:20.504512701Z"
